{
  "name": "LetsGymLeader",
  "lockfileVersion": 3,
  "requires": true,
  "packages": {
    "": {
      "dependencies": {
        "@toruslabs/torus-embed": "^5.0.0",
        "ethers": "^6.13.4"
      }
    },
    "node_modules/@adraffy/ens-normalize": {
      "version": "1.10.1",
      "resolved": "https://registry.npmjs.org/@adraffy/ens-normalize/-/ens-normalize-1.10.1.tgz",
      "integrity": "sha512-96Z2IP3mYmF1Xg2cDm8f1gWGf/HUVedQ3FMifV4kG/PQ4yEP51xDtRAEfhVNt5f/uzpNkZHwWQuUcu6D6K+Ekw==",
      "license": "MIT"
    },
    "node_modules/@babel/runtime": {
      "version": "7.26.0",
      "resolved": "https://registry.npmjs.org/@babel/runtime/-/runtime-7.26.0.tgz",
      "integrity": "sha512-FDSOghenHTiToteC/QRlv2q3DhPZ/oOXTBoirfWNx1Cx3TMVcGWQtMMmQcSvb/JjpNeGzx8Pq/b4fKEJuWm1sw==",
      "license": "MIT",
      "peer": true,
      "dependencies": {
        "regenerator-runtime": "^0.14.0"
      },
      "engines": {
        "node": ">=6.9.0"
      }
    },
    "node_modules/@ethereumjs/common": {
      "version": "3.2.0",
      "resolved": "https://registry.npmjs.org/@ethereumjs/common/-/common-3.2.0.tgz",
      "integrity": "sha512-pksvzI0VyLgmuEF2FA/JR/4/y6hcPq8OUail3/AvycBaW1d5VSauOZzqGvJ3RTmR4MU35lWE8KseKOsEhrFRBA==",
      "license": "MIT",
      "dependencies": {
        "@ethereumjs/util": "^8.1.0",
        "crc-32": "^1.2.0"
      }
    },
    "node_modules/@ethereumjs/rlp": {
      "version": "4.0.1",
      "resolved": "https://registry.npmjs.org/@ethereumjs/rlp/-/rlp-4.0.1.tgz",
      "integrity": "sha512-tqsQiBQDQdmPWE1xkkBq4rlSW5QZpLOUJ5RJh2/9fug+q9tnUhuZoVLk7s0scUIKTOzEtR72DFBXI4WiZcMpvw==",
      "license": "MPL-2.0",
      "bin": {
        "rlp": "bin/rlp"
      },
      "engines": {
        "node": ">=14"
      }
    },
    "node_modules/@ethereumjs/tx": {
      "version": "4.2.0",
      "resolved": "https://registry.npmjs.org/@ethereumjs/tx/-/tx-4.2.0.tgz",
      "integrity": "sha512-1nc6VO4jtFd172BbSnTnDQVr9IYBFl1y4xPzZdtkrkKIncBCkdbgfdRV+MiTkJYAtTxvV12GRZLqBFT1PNK6Yw==",
      "license": "MPL-2.0",
      "dependencies": {
        "@ethereumjs/common": "^3.2.0",
        "@ethereumjs/rlp": "^4.0.1",
        "@ethereumjs/util": "^8.1.0",
        "ethereum-cryptography": "^2.0.0"
      },
      "engines": {
        "node": ">=14"
      }
    },
    "node_modules/@ethereumjs/util": {
      "version": "8.1.0",
      "resolved": "https://registry.npmjs.org/@ethereumjs/util/-/util-8.1.0.tgz",
      "integrity": "sha512-zQ0IqbdX8FZ9aw11vP+dZkKDkS+kgIvQPHnSAXzP9pLu+Rfu3D3XEeLbicvoXJTYnhZiPmsZUxgdzXwNKxRPbA==",
      "license": "MPL-2.0",
      "dependencies": {
        "@ethereumjs/rlp": "^4.0.1",
        "ethereum-cryptography": "^2.0.0",
        "micro-ftch": "^0.3.1"
      },
      "engines": {
        "node": ">=14"
      }
    },
    "node_modules/@metamask/rpc-errors": {
      "version": "6.4.0",
      "resolved": "https://registry.npmjs.org/@metamask/rpc-errors/-/rpc-errors-6.4.0.tgz",
      "integrity": "sha512-1ugFO1UoirU2esS3juZanS/Fo8C8XYocCuBpfZI5N7ECtoG+zu0wF+uWZASik6CkO6w9n/Iebt4iI4pT0vptpg==",
      "license": "MIT",
      "dependencies": {
        "@metamask/utils": "^9.0.0",
        "fast-safe-stringify": "^2.0.6"
      },
      "engines": {
        "node": ">=16.0.0"
      }
    },
    "node_modules/@metamask/superstruct": {
      "version": "3.1.0",
      "resolved": "https://registry.npmjs.org/@metamask/superstruct/-/superstruct-3.1.0.tgz",
      "integrity": "sha512-N08M56HdOgBfRKkrgCMZvQppkZGcArEop3kixNEtVbJKm6P9Cfg0YkI6X0s1g78sNrj2fWUwvJADdZuzJgFttA==",
      "license": "MIT",
      "engines": {
        "node": ">=16.0.0"
      }
    },
    "node_modules/@metamask/utils": {
      "version": "9.3.0",
      "resolved": "https://registry.npmjs.org/@metamask/utils/-/utils-9.3.0.tgz",
      "integrity": "sha512-w8CVbdkDrVXFJbfBSlDfafDR6BAkpDmv1bC1UJVCoVny5tW2RKAdn9i68Xf7asYT4TnUhl/hN4zfUiKQq9II4g==",
      "license": "ISC",
      "dependencies": {
        "@ethereumjs/tx": "^4.2.0",
        "@metamask/superstruct": "^3.1.0",
        "@noble/hashes": "^1.3.1",
        "@scure/base": "^1.1.3",
        "@types/debug": "^4.1.7",
        "debug": "^4.3.4",
        "pony-cause": "^2.1.10",
        "semver": "^7.5.4",
        "uuid": "^9.0.1"
      },
      "engines": {
        "node": ">=16.0.0"
      }
    },
    "node_modules/@noble/curves": {
      "version": "1.4.2",
      "resolved": "https://registry.npmjs.org/@noble/curves/-/curves-1.4.2.tgz",
      "integrity": "sha512-TavHr8qycMChk8UwMld0ZDRvatedkzWfH8IiaeGCfymOP5i0hSCozz9vHOL0nkwk7HRMlFnAiKpS2jrUmSybcw==",
      "license": "MIT",
      "dependencies": {
        "@noble/hashes": "1.4.0"
      },
      "funding": {
        "url": "https://paulmillr.com/funding/"
      }
    },
    "node_modules/@noble/curves/node_modules/@noble/hashes": {
      "version": "1.4.0",
      "resolved": "https://registry.npmjs.org/@noble/hashes/-/hashes-1.4.0.tgz",
      "integrity": "sha512-V1JJ1WTRUqHHrOSh597hURcMqVKVGL/ea3kv0gSnEdsEZ0/+VyPghM1lMNGc00z7CIQorSvbKpuJkxvuHbvdbg==",
      "license": "MIT",
      "engines": {
        "node": ">= 16"
      },
      "funding": {
        "url": "https://paulmillr.com/funding/"
      }
    },
    "node_modules/@noble/hashes": {
      "version": "1.5.0",
      "resolved": "https://registry.npmjs.org/@noble/hashes/-/hashes-1.5.0.tgz",
      "integrity": "sha512-1j6kQFb7QRru7eKN3ZDvRcP13rugwdxZqCjbiAVZfIJwgj2A65UmT4TgARXGlXgnRkORLTDTrO19ZErt7+QXgA==",
      "license": "MIT",
      "engines": {
        "node": "^14.21.3 || >=16"
      },
      "funding": {
        "url": "https://paulmillr.com/funding/"
      }
    },
    "node_modules/@scure/base": {
      "version": "1.1.9",
      "resolved": "https://registry.npmjs.org/@scure/base/-/base-1.1.9.tgz",
      "integrity": "sha512-8YKhl8GHiNI/pU2VMaofa2Tor7PJRAjwQLBBuilkJ9L5+13yVbC7JO/wS7piioAvPSwR3JKM1IJ/u4xQzbcXKg==",
      "license": "MIT",
      "funding": {
        "url": "https://paulmillr.com/funding/"
      }
    },
    "node_modules/@scure/bip32": {
      "version": "1.4.0",
      "resolved": "https://registry.npmjs.org/@scure/bip32/-/bip32-1.4.0.tgz",
      "integrity": "sha512-sVUpc0Vq3tXCkDGYVWGIZTRfnvu8LoTDaev7vbwh0omSvVORONr960MQWdKqJDCReIEmTj3PAr73O3aoxz7OPg==",
      "license": "MIT",
      "dependencies": {
        "@noble/curves": "~1.4.0",
        "@noble/hashes": "~1.4.0",
        "@scure/base": "~1.1.6"
      },
      "funding": {
        "url": "https://paulmillr.com/funding/"
      }
    },
    "node_modules/@scure/bip32/node_modules/@noble/hashes": {
      "version": "1.4.0",
      "resolved": "https://registry.npmjs.org/@noble/hashes/-/hashes-1.4.0.tgz",
      "integrity": "sha512-V1JJ1WTRUqHHrOSh597hURcMqVKVGL/ea3kv0gSnEdsEZ0/+VyPghM1lMNGc00z7CIQorSvbKpuJkxvuHbvdbg==",
      "license": "MIT",
      "engines": {
        "node": ">= 16"
      },
      "funding": {
        "url": "https://paulmillr.com/funding/"
      }
    },
    "node_modules/@scure/bip39": {
      "version": "1.3.0",
      "resolved": "https://registry.npmjs.org/@scure/bip39/-/bip39-1.3.0.tgz",
      "integrity": "sha512-disdg7gHuTDZtY+ZdkmLpPCk7fxZSu3gBiEGuoC1XYxv9cGx3Z6cpTggCgW6odSOOIXCiDjuGejW+aJKCY/pIQ==",
      "license": "MIT",
      "dependencies": {
        "@noble/hashes": "~1.4.0",
        "@scure/base": "~1.1.6"
      },
      "funding": {
        "url": "https://paulmillr.com/funding/"
      }
    },
    "node_modules/@scure/bip39/node_modules/@noble/hashes": {
      "version": "1.4.0",
      "resolved": "https://registry.npmjs.org/@noble/hashes/-/hashes-1.4.0.tgz",
      "integrity": "sha512-V1JJ1WTRUqHHrOSh597hURcMqVKVGL/ea3kv0gSnEdsEZ0/+VyPghM1lMNGc00z7CIQorSvbKpuJkxvuHbvdbg==",
      "license": "MIT",
      "engines": {
        "node": ">= 16"
      },
      "funding": {
        "url": "https://paulmillr.com/funding/"
      }
    },
    "node_modules/@toruslabs/http-helpers": {
      "version": "6.1.1",
      "resolved": "https://registry.npmjs.org/@toruslabs/http-helpers/-/http-helpers-6.1.1.tgz",
      "integrity": "sha512-bJYOaltRzklzObhRdutT1wau17vXyrCCBKJOeN46F1t99MUXi5udQNeErFOcr9qBsvrq2q67eVBkU5XOeBMX5A==",
      "license": "MIT",
      "dependencies": {
        "lodash.merge": "^4.6.2",
        "loglevel": "^1.9.1"
      },
      "engines": {
        "node": ">=18.x",
        "npm": ">=9.x"
      },
      "peerDependencies": {
        "@babel/runtime": "^7.x",
        "@sentry/types": "^7.x"
      },
      "peerDependenciesMeta": {
        "@sentry/types": {
          "optional": true
        }
      }
    },
    "node_modules/@toruslabs/openlogin-jrpc": {
      "version": "8.3.0",
      "resolved": "https://registry.npmjs.org/@toruslabs/openlogin-jrpc/-/openlogin-jrpc-8.3.0.tgz",
      "integrity": "sha512-1OdSkUXGXJobkkMIJHuf+XzwmUB4ROy6uQfPEJ3NXvNj84+N4hNpvC4JPg7VoWBHdfCba9cv6QnQsVArlwai4A==",
      "license": "ISC",
      "dependencies": {
        "end-of-stream": "^1.4.4",
        "events": "^3.3.0",
        "fast-safe-stringify": "^2.1.1",
        "once": "^1.4.0",
        "pump": "^3.0.0",
        "readable-stream": "^4.5.2"
      },
      "engines": {
        "node": ">=18.x",
        "npm": ">=9.x"
      },
      "peerDependencies": {
        "@babel/runtime": "7.x"
      }
    },
    "node_modules/@toruslabs/torus-embed": {
      "version": "5.0.0",
      "resolved": "https://registry.npmjs.org/@toruslabs/torus-embed/-/torus-embed-5.0.0.tgz",
      "integrity": "sha512-ckYR+bjWtxh11YklRguYwaLozaXSuR2BCtG3rQcv3G+tyfaLRprbyfOKnnXbGBRvmKiChwRi6HnMv0aK7iWWeA==",
      "license": "MIT",
      "dependencies": {
        "@metamask/rpc-errors": "^6.2.1",
        "@toruslabs/http-helpers": "^6.1.1",
        "@toruslabs/openlogin-jrpc": "^8.1.0",
        "fast-deep-equal": "^3.1.3",
        "lodash.merge": "^4.6.2",
        "loglevel": "^1.9.1",
        "pump": "^3.0.0",
        "readable-stream": "^4.5.2"
      },
      "engines": {
        "node": ">=18.x",
        "npm": ">=9.x"
      },
      "peerDependencies": {
        "@babel/runtime": "7.x"
      }
    },
    "node_modules/@types/debug": {
      "version": "4.1.12",
      "resolved": "https://registry.npmjs.org/@types/debug/-/debug-4.1.12.tgz",
      "integrity": "sha512-vIChWdVG3LG1SMxEvI/AK+FWJthlrqlTu7fbrlywTkkaONwk/UAGaULXRlf8vkzFBLVm0zkMdCquhL5aOjhXPQ==",
      "license": "MIT",
      "dependencies": {
        "@types/ms": "*"
      }
    },
    "node_modules/@types/ms": {
      "version": "0.7.34",
      "resolved": "https://registry.npmjs.org/@types/ms/-/ms-0.7.34.tgz",
      "integrity": "sha512-nG96G3Wp6acyAgJqGasjODb+acrI7KltPiRxzHPXnP3NgI28bpQDRv53olbqGXbfcgF5aiiHmO3xpwEpS5Ld9g==",
      "license": "MIT"
    },
    "node_modules/@types/node": {
      "version": "22.7.5",
      "resolved": "https://registry.npmjs.org/@types/node/-/node-22.7.5.tgz",
      "integrity": "sha512-jML7s2NAzMWc//QSJ1a3prpk78cOPchGvXJsC3C6R6PSMoooztvRVQEz89gmBTBY1SPMaqo5teB4uNHPdetShQ==",
      "license": "MIT",
      "dependencies": {
        "undici-types": "~6.19.2"
      }
    },
    "node_modules/abort-controller": {
      "version": "3.0.0",
      "resolved": "https://registry.npmjs.org/abort-controller/-/abort-controller-3.0.0.tgz",
      "integrity": "sha512-h8lQ8tacZYnR3vNQTgibj+tODHI5/+l06Au2Pcriv/Gmet0eaj4TwWH41sO9wnHDiQsEj19q0drzdWdeAHtweg==",
      "license": "MIT",
      "dependencies": {
        "event-target-shim": "^5.0.0"
      },
      "engines": {
        "node": ">=6.5"
      }
    },
    "node_modules/aes-js": {
      "version": "4.0.0-beta.5",
      "resolved": "https://registry.npmjs.org/aes-js/-/aes-js-4.0.0-beta.5.tgz",
      "integrity": "sha512-G965FqalsNyrPqgEGON7nIx1e/OVENSgiEIzyC63haUMuvNnwIgIjMs52hlTCKhkBny7A2ORNlfY9Zu+jmGk1Q==",
      "license": "MIT"
    },
    "node_modules/base64-js": {
      "version": "1.5.1",
      "resolved": "https://registry.npmjs.org/base64-js/-/base64-js-1.5.1.tgz",
      "integrity": "sha512-AKpaYlHn8t4SVbOHCy+b5+KKgvR4vrsD8vbvrbiQJps7fKDTkjkDry6ji0rUJjC0kzbNePLwzxq8iypo41qeWA==",
      "funding": [
        {
          "type": "github",
          "url": "https://github.com/sponsors/feross"
        },
        {
          "type": "patreon",
          "url": "https://www.patreon.com/feross"
        },
        {
          "type": "consulting",
          "url": "https://feross.org/support"
        }
      ],
      "license": "MIT"
    },
    "node_modules/buffer": {
      "version": "6.0.3",
      "resolved": "https://registry.npmjs.org/buffer/-/buffer-6.0.3.tgz",
      "integrity": "sha512-FTiCpNxtwiZZHEZbcbTIcZjERVICn9yq/pDFkTl95/AxzD1naBctN7YO68riM/gLSDY7sdrMby8hofADYuuqOA==",
      "funding": [
        {
          "type": "github",
          "url": "https://github.com/sponsors/feross"
        },
        {
          "type": "patreon",
          "url": "https://www.patreon.com/feross"
        },
        {
          "type": "consulting",
          "url": "https://feross.org/support"
        }
      ],
      "license": "MIT",
      "dependencies": {
        "base64-js": "^1.3.1",
        "ieee754": "^1.2.1"
      }
    },
    "node_modules/crc-32": {
      "version": "1.2.2",
      "resolved": "https://registry.npmjs.org/crc-32/-/crc-32-1.2.2.tgz",
      "integrity": "sha512-ROmzCKrTnOwybPcJApAA6WBWij23HVfGVNKqqrZpuyZOHqK2CwHSvpGuyt/UNNvaIjEd8X5IFGp4Mh+Ie1IHJQ==",
      "license": "Apache-2.0",
      "bin": {
        "crc32": "bin/crc32.njs"
      },
      "engines": {
        "node": ">=0.8"
      }
    },
    "node_modules/debug": {
      "version": "4.3.7",
      "resolved": "https://registry.npmjs.org/debug/-/debug-4.3.7.tgz",
      "integrity": "sha512-Er2nc/H7RrMXZBFCEim6TCmMk02Z8vLC2Rbi1KEBggpo0fS6l0S1nnapwmIi3yW/+GOJap1Krg4w0Hg80oCqgQ==",
      "license": "MIT",
      "dependencies": {
        "ms": "^2.1.3"
      },
      "engines": {
        "node": ">=6.0"
      },
      "peerDependenciesMeta": {
        "supports-color": {
          "optional": true
        }
      }
    },
    "node_modules/end-of-stream": {
      "version": "1.4.4",
      "resolved": "https://registry.npmjs.org/end-of-stream/-/end-of-stream-1.4.4.tgz",
      "integrity": "sha512-+uw1inIHVPQoaVuHzRyXd21icM+cnt4CzD5rW+NC1wjOUSTOs+Te7FOv7AhN7vS9x/oIyhLP5PR1H+phQAHu5Q==",
      "license": "MIT",
      "dependencies": {
        "once": "^1.4.0"
      }
    },
    "node_modules/ethereum-cryptography": {
      "version": "2.2.1",
      "resolved": "https://registry.npmjs.org/ethereum-cryptography/-/ethereum-cryptography-2.2.1.tgz",
      "integrity": "sha512-r/W8lkHSiTLxUxW8Rf3u4HGB0xQweG2RyETjywylKZSzLWoWAijRz8WCuOtJ6wah+avllXBqZuk29HCCvhEIRg==",
      "license": "MIT",
      "dependencies": {
        "@noble/curves": "1.4.2",
        "@noble/hashes": "1.4.0",
        "@scure/bip32": "1.4.0",
        "@scure/bip39": "1.3.0"
      }
    },
    "node_modules/ethereum-cryptography/node_modules/@noble/hashes": {
      "version": "1.4.0",
      "resolved": "https://registry.npmjs.org/@noble/hashes/-/hashes-1.4.0.tgz",
      "integrity": "sha512-V1JJ1WTRUqHHrOSh597hURcMqVKVGL/ea3kv0gSnEdsEZ0/+VyPghM1lMNGc00z7CIQorSvbKpuJkxvuHbvdbg==",
      "license": "MIT",
      "engines": {
        "node": ">= 16"
      },
      "funding": {
        "url": "https://paulmillr.com/funding/"
      }
    },
    "node_modules/ethers": {
      "version": "6.13.4",
      "resolved": "https://registry.npmjs.org/ethers/-/ethers-6.13.4.tgz",
      "integrity": "sha512-21YtnZVg4/zKkCQPjrDj38B1r4nQvTZLopUGMLQ1ePU2zV/joCfDC3t3iKQjWRzjjjbzR+mdAIoikeBRNkdllA==",
      "funding": [
        {
          "type": "individual",
          "url": "https://github.com/sponsors/ethers-io/"
        },
        {
          "type": "individual",
          "url": "https://www.buymeacoffee.com/ricmoo"
        }
      ],
      "license": "MIT",
      "dependencies": {
        "@adraffy/ens-normalize": "1.10.1",
        "@noble/curves": "1.2.0",
        "@noble/hashes": "1.3.2",
        "@types/node": "22.7.5",
        "aes-js": "4.0.0-beta.5",
        "tslib": "2.7.0",
        "ws": "8.17.1"
      },
      "engines": {
        "node": ">=14.0.0"
      }
    },
    "node_modules/ethers/node_modules/@noble/curves": {
      "version": "1.2.0",
      "resolved": "https://registry.npmjs.org/@noble/curves/-/curves-1.2.0.tgz",
      "integrity": "sha512-oYclrNgRaM9SsBUBVbb8M6DTV7ZHRTKugureoYEncY5c65HOmRzvSiTE3y5CYaPYJA/GVkrhXEoF0M3Ya9PMnw==",
      "license": "MIT",
      "dependencies": {
        "@noble/hashes": "1.3.2"
      },
      "funding": {
        "url": "https://paulmillr.com/funding/"
      }
    },
    "node_modules/ethers/node_modules/@noble/hashes": {
      "version": "1.3.2",
      "resolved": "https://registry.npmjs.org/@noble/hashes/-/hashes-1.3.2.tgz",
      "integrity": "sha512-MVC8EAQp7MvEcm30KWENFjgR+Mkmf+D189XJTkFIlwohU5hcBbn1ZkKq7KVTi2Hme3PMGF390DaL52beVrIihQ==",
      "license": "MIT",
      "engines": {
        "node": ">= 16"
      },
      "funding": {
        "url": "https://paulmillr.com/funding/"
      }
    },
    "node_modules/event-target-shim": {
      "version": "5.0.1",
      "resolved": "https://registry.npmjs.org/event-target-shim/-/event-target-shim-5.0.1.tgz",
      "integrity": "sha512-i/2XbnSz/uxRCU6+NdVJgKWDTM427+MqYbkQzD321DuCQJUqOuJKIA0IM2+W2xtYHdKOmZ4dR6fExsd4SXL+WQ==",
      "license": "MIT",
      "engines": {
        "node": ">=6"
      }
    },
    "node_modules/events": {
      "version": "3.3.0",
      "resolved": "https://registry.npmjs.org/events/-/events-3.3.0.tgz",
      "integrity": "sha512-mQw+2fkQbALzQ7V0MY0IqdnXNOeTtP4r0lN9z7AAawCXgqea7bDii20AYrIBrFd/Hx0M2Ocz6S111CaFkUcb0Q==",
      "license": "MIT",
      "engines": {
        "node": ">=0.8.x"
      }
    },
    "node_modules/fast-deep-equal": {
      "version": "3.1.3",
      "resolved": "https://registry.npmjs.org/fast-deep-equal/-/fast-deep-equal-3.1.3.tgz",
      "integrity": "sha512-f3qQ9oQy9j2AhBe/H9VC91wLmKBCCU/gDOnKNAYG5hswO7BLKj09Hc5HYNz9cGI++xlpDCIgDaitVs03ATR84Q==",
      "license": "MIT"
    },
    "node_modules/fast-safe-stringify": {
      "version": "2.1.1",
      "resolved": "https://registry.npmjs.org/fast-safe-stringify/-/fast-safe-stringify-2.1.1.tgz",
      "integrity": "sha512-W+KJc2dmILlPplD/H4K9l9LcAHAfPtP6BY84uVLXQ6Evcz9Lcg33Y2z1IVblT6xdY54PXYVHEv+0Wpq8Io6zkA==",
      "license": "MIT"
    },
    "node_modules/ieee754": {
      "version": "1.2.1",
      "resolved": "https://registry.npmjs.org/ieee754/-/ieee754-1.2.1.tgz",
      "integrity": "sha512-dcyqhDvX1C46lXZcVqCpK+FtMRQVdIMN6/Df5js2zouUsqG7I6sFxitIC+7KYK29KdXOLHdu9zL4sFnoVQnqaA==",
      "funding": [
        {
          "type": "github",
          "url": "https://github.com/sponsors/feross"
        },
        {
          "type": "patreon",
          "url": "https://www.patreon.com/feross"
        },
        {
          "type": "consulting",
          "url": "https://feross.org/support"
        }
      ],
      "license": "BSD-3-Clause"
    },
    "node_modules/lodash.merge": {
      "version": "4.6.2",
      "resolved": "https://registry.npmjs.org/lodash.merge/-/lodash.merge-4.6.2.tgz",
      "integrity": "sha512-0KpjqXRVvrYyCsX1swR/XTK0va6VQkQM6MNo7PqW77ByjAhoARA8EfrP1N4+KlKj8YS0ZUCtRT/YUuhyYDujIQ==",
      "license": "MIT"
    },
    "node_modules/loglevel": {
      "version": "1.9.2",
      "resolved": "https://registry.npmjs.org/loglevel/-/loglevel-1.9.2.tgz",
      "integrity": "sha512-HgMmCqIJSAKqo68l0rS2AanEWfkxaZ5wNiEFb5ggm08lDs9Xl2KxBlX3PTcaD2chBM1gXAYf491/M2Rv8Jwayg==",
      "license": "MIT",
      "engines": {
        "node": ">= 0.6.0"
      },
      "funding": {
        "type": "tidelift",
        "url": "https://tidelift.com/funding/github/npm/loglevel"
      }
    },
    "node_modules/micro-ftch": {
      "version": "0.3.1",
      "resolved": "https://registry.npmjs.org/micro-ftch/-/micro-ftch-0.3.1.tgz",
      "integrity": "sha512-/0LLxhzP0tfiR5hcQebtudP56gUurs2CLkGarnCiB/OqEyUFQ6U3paQi/tgLv0hBJYt2rnr9MNpxz4fiiugstg==",
      "license": "MIT"
    },
    "node_modules/ms": {
      "version": "2.1.3",
      "resolved": "https://registry.npmjs.org/ms/-/ms-2.1.3.tgz",
      "integrity": "sha512-6FlzubTLZG3J2a/NVCAleEhjzq5oxgHyaCU9yYXvcLsvoVaHJq/s5xXI6/XXP6tz7R9xAOtHnSO/tXtF3WRTlA==",
      "license": "MIT"
    },
    "node_modules/once": {
      "version": "1.4.0",
      "resolved": "https://registry.npmjs.org/once/-/once-1.4.0.tgz",
      "integrity": "sha512-lNaJgI+2Q5URQBkccEKHTQOPaXdUxnZZElQTZY0MFUAuaEqe1E+Nyvgdz/aIyNi6Z9MzO5dv1H8n58/GELp3+w==",
      "license": "ISC",
      "dependencies": {
        "wrappy": "1"
      }
    },
    "node_modules/pony-cause": {
      "version": "2.1.11",
      "resolved": "https://registry.npmjs.org/pony-cause/-/pony-cause-2.1.11.tgz",
      "integrity": "sha512-M7LhCsdNbNgiLYiP4WjsfLUuFmCfnjdF6jKe2R9NKl4WFN+HZPGHJZ9lnLP7f9ZnKe3U9nuWD0szirmj+migUg==",
      "license": "0BSD",
      "engines": {
        "node": ">=12.0.0"
      }
    },
    "node_modules/process": {
      "version": "0.11.10",
      "resolved": "https://registry.npmjs.org/process/-/process-0.11.10.tgz",
      "integrity": "sha512-cdGef/drWFoydD1JsMzuFf8100nZl+GT+yacc2bEced5f9Rjk4z+WtFUTBu9PhOi9j/jfmBPu0mMEY4wIdAF8A==",
      "license": "MIT",
      "engines": {
        "node": ">= 0.6.0"
      }
    },
    "node_modules/pump": {
      "version": "3.0.2",
      "resolved": "https://registry.npmjs.org/pump/-/pump-3.0.2.tgz",
      "integrity": "sha512-tUPXtzlGM8FE3P0ZL6DVs/3P58k9nk8/jZeQCurTJylQA8qFYzHFfhBJkuqyE0FifOsQ0uKWekiZ5g8wtr28cw==",
      "license": "MIT",
      "dependencies": {
        "end-of-stream": "^1.1.0",
        "once": "^1.3.1"
      }
    },
    "node_modules/readable-stream": {
      "version": "4.5.2",
      "resolved": "https://registry.npmjs.org/readable-stream/-/readable-stream-4.5.2.tgz",
      "integrity": "sha512-yjavECdqeZ3GLXNgRXgeQEdz9fvDDkNKyHnbHRFtOr7/LcfgBcmct7t/ET+HaCTqfh06OzoAxrkN/IfjJBVe+g==",
      "license": "MIT",
      "dependencies": {
        "abort-controller": "^3.0.0",
        "buffer": "^6.0.3",
        "events": "^3.3.0",
        "process": "^0.11.10",
        "string_decoder": "^1.3.0"
      },
      "engines": {
        "node": "^12.22.0 || ^14.17.0 || >=16.0.0"
      }
    },
    "node_modules/regenerator-runtime": {
      "version": "0.14.1",
      "resolved": "https://registry.npmjs.org/regenerator-runtime/-/regenerator-runtime-0.14.1.tgz",
      "integrity": "sha512-dYnhHh0nJoMfnkZs6GmmhFknAGRrLznOu5nc9ML+EJxGvrx6H7teuevqVqCuPcPK//3eDrrjQhehXVx9cnkGdw==",
      "license": "MIT",
      "peer": true
    },
    "node_modules/safe-buffer": {
      "version": "5.2.1",
      "resolved": "https://registry.npmjs.org/safe-buffer/-/safe-buffer-5.2.1.tgz",
      "integrity": "sha512-rp3So07KcdmmKbGvgaNxQSJr7bGVSVk5S9Eq1F+ppbRo70+YeaDxkw5Dd8NPN+GD6bjnYm2VuPuCXmpuYvmCXQ==",
      "funding": [
        {
          "type": "github",
          "url": "https://github.com/sponsors/feross"
        },
        {
          "type": "patreon",
          "url": "https://www.patreon.com/feross"
        },
        {
          "type": "consulting",
          "url": "https://feross.org/support"
        }
      ],
      "license": "MIT"
    },
    "node_modules/semver": {
      "version": "7.6.3",
      "resolved": "https://registry.npmjs.org/semver/-/semver-7.6.3.tgz",
      "integrity": "sha512-oVekP1cKtI+CTDvHWYFUcMtsK/00wmAEfyqKfNdARm8u1wNVhSgaX7A8d4UuIlUI5e84iEwOhs7ZPYRmzU9U6A==",
      "license": "ISC",
      "bin": {
        "semver": "bin/semver.js"
      },
      "engines": {
        "node": ">=10"
      }
    },
    "node_modules/string_decoder": {
      "version": "1.3.0",
      "resolved": "https://registry.npmjs.org/string_decoder/-/string_decoder-1.3.0.tgz",
      "integrity": "sha512-hkRX8U1WjJFd8LsDJ2yQ/wWWxaopEsABU1XfkM8A+j0+85JAGppt16cr1Whg6KIbb4okU6Mql6BOj+uup/wKeA==",
      "license": "MIT",
      "dependencies": {
        "safe-buffer": "~5.2.0"
      }
    },
    "node_modules/tslib": {
      "version": "2.7.0",
      "resolved": "https://registry.npmjs.org/tslib/-/tslib-2.7.0.tgz",
      "integrity": "sha512-gLXCKdN1/j47AiHiOkJN69hJmcbGTHI0ImLmbYLHykhgeN0jVGola9yVjFgzCUklsZQMW55o+dW7IXv3RCXDzA==",
      "license": "0BSD"
    },
    "node_modules/undici-types": {
      "version": "6.19.8",
      "resolved": "https://registry.npmjs.org/undici-types/-/undici-types-6.19.8.tgz",
      "integrity": "sha512-ve2KP6f/JnbPBFyobGHuerC9g1FYGn/F8n1LWTwNxCEzd6IfqTwUQcNXgEtmmQ6DlRrC1hrSrBnCZPokRrDHjw==",
      "license": "MIT"
    },
    "node_modules/uuid": {
      "version": "9.0.1",
      "resolved": "https://registry.npmjs.org/uuid/-/uuid-9.0.1.tgz",
      "integrity": "sha512-b+1eJOlsR9K8HJpow9Ok3fiWOWSIcIzXodvv0rQjVoOVNpWMpxf1wZNpt4y9h10odCNrqnYp1OBzRktckBe3sA==",
      "funding": [
        "https://github.com/sponsors/broofa",
        "https://github.com/sponsors/ctavan"
      ],
      "license": "MIT",
      "bin": {
        "uuid": "dist/bin/uuid"
      }
    },
    "node_modules/wrappy": {
      "version": "1.0.2",
      "resolved": "https://registry.npmjs.org/wrappy/-/wrappy-1.0.2.tgz",
      "integrity": "sha512-l4Sp/DRseor9wL6EvV2+TuQn63dMkPjZ/sp9XkghTEbV9KlPS1xUsZ3u7/IQO4wxtcFB4bgpQPRcR3QCvezPcQ==",
      "license": "ISC"
    },
    "node_modules/ws": {
      "version": "8.17.1",
      "resolved": "https://registry.npmjs.org/ws/-/ws-8.17.1.tgz",
      "integrity": "sha512-6XQFvXTkbfUOZOKKILFG1PDK2NDQs4azKQl26T0YS5CxqWLgXajbPZ+h4gZekJyRqFU8pvnbAbbs/3TgRPy+GQ==",
      "license": "MIT",
      "engines": {
        "node": ">=10.0.0"
      },
      "peerDependencies": {
        "bufferutil": "^4.0.1",
        "utf-8-validate": ">=5.0.2"
      },
      "peerDependenciesMeta": {
        "bufferutil": {
          "optional": true
        },
        "utf-8-validate": {
          "optional": true
        }
      }
    }
  }
}
